# generated by rye
# use `rye lock` or `rye sync` to update this lockfile
#
# last locked with the following flags:
#   pre: false
#   features: []
#   all-features: false
#   with-sources: false
#   generate-hashes: false
#   universal: false

-e file:.
annotated-types==0.7.0
    # via pydantic
anyio==4.8.0
    # via starlette
    # via watchfiles
asyncpg==0.30.0
    # via cms
click==8.1.8
    # via granian
colorama==0.4.6
    # via click
fastapi==0.115.11
    # via cms
granian==2.0.1
    # via cms
greenlet==3.1.1
    # via sqlalchemy
idna==3.10
    # via anyio
itsdangerous==2.2.0
    # via cms
jinja2==3.1.6
    # via sqladmin
markupsafe==3.0.2
    # via jinja2
    # via wtforms
pydantic==2.10.6
    # via fastapi
pydantic-core==2.27.2
    # via pydantic
python-dotenv==1.0.1
    # via cms
python-multipart==0.0.20
    # via sqladmin
sniffio==1.3.1
    # via anyio
sqladmin==0.20.1
    # via cms
sqlalchemy==2.0.38
    # via sqladmin
starlette==0.46.0
    # via fastapi
    # via sqladmin
typing-extensions==4.12.2
    # via anyio
    # via fastapi
    # via pydantic
    # via pydantic-core
    # via sqlalchemy
watchfiles==1.0.4
    # via granian
wtforms==3.1.2
    # via sqladmin
